// !$*UTF8*$!
{
	archiveVersion = 1;
	classes = {
	};
	objectVersion = 46;
	objects = {

/* Begin PBXBuildFile section */
		62A0DAD81B0B3E4C00B454C6 /* AppDelegate.swift in Sources */ = {isa = PBXBuildFile; fileRef = 62A0DAD71B0B3E4C00B454C6 /* AppDelegate.swift */; };
		62A0DADA1B0B3E4C00B454C6 /* ViewController.swift in Sources */ = {isa = PBXBuildFile; fileRef = 62A0DAD91B0B3E4C00B454C6 /* ViewController.swift */; };
		62A0DADD1B0B3E4C00B454C6 /* Main.storyboard in Resources */ = {isa = PBXBuildFile; fileRef = 62A0DADB1B0B3E4C00B454C6 /* Main.storyboard */; };
		62A0DADF1B0B3E4C00B454C6 /* Images.xcassets in Resources */ = {isa = PBXBuildFile; fileRef = 62A0DADE1B0B3E4C00B454C6 /* Images.xcassets */; };
		62A0DAE21B0B3E4C00B454C6 /* LaunchScreen.xib in Resources */ = {isa = PBXBuildFile; fileRef = 62A0DAE01B0B3E4C00B454C6 /* LaunchScreen.xib */; };
		62A0DAEE1B0B3E4C00B454C6 /* DragableCollectionSwiftTests.swift in Sources */ = {isa = PBXBuildFile; fileRef = 62A0DAED1B0B3E4C00B454C6 /* DragableCollectionSwiftTests.swift */; };
		62A0DB071B0B3EB300B454C6 /* DragabbleCell.m in Sources */ = {isa = PBXBuildFile; fileRef = 62A0DAFB1B0B3EB300B454C6 /* DragabbleCell.m */; };
		62A0DB081B0B3EB300B454C6 /* DragabbleCell.xib in Resources */ = {isa = PBXBuildFile; fileRef = 62A0DAFC1B0B3EB300B454C6 /* DragabbleCell.xib */; };
		62A0DB091B0B3EB300B454C6 /* DECollectionView.m in Sources */ = {isa = PBXBuildFile; fileRef = 62A0DAFE1B0B3EB300B454C6 /* DECollectionView.m */; };
		62A0DB0A1B0B3EB300B454C6 /* OptionsLayout.m in Sources */ = {isa = PBXBuildFile; fileRef = 62A0DB001B0B3EB300B454C6 /* OptionsLayout.m */; };
		62A0DB0B1B0B3EB300B454C6 /* LXReorderableCollectionViewFlowLayout.m in Sources */ = {isa = PBXBuildFile; fileRef = 62A0DB021B0B3EB300B454C6 /* LXReorderableCollectionViewFlowLayout.m */; };
		62A0DB0C1B0B3EB300B454C6 /* Option.m in Sources */ = {isa = PBXBuildFile; fileRef = 62A0DB061B0B3EB300B454C6 /* Option.m */; };
		62A0DB1E1B0B3EEC00B454C6 /* 03.jpg in Resources */ = {isa = PBXBuildFile; fileRef = 62A0DB0E1B0B3EEC00B454C6 /* 03.jpg */; };
		62A0DB1F1B0B3EEC00B454C6 /* 1.jpg in Resources */ = {isa = PBXBuildFile; fileRef = 62A0DB0F1B0B3EEC00B454C6 /* 1.jpg */; };
		62A0DB201B0B3EEC00B454C6 /* 10.jpg in Resources */ = {isa = PBXBuildFile; fileRef = 62A0DB101B0B3EEC00B454C6 /* 10.jpg */; };
		62A0DB211B0B3EEC00B454C6 /* 11.jpg in Resources */ = {isa = PBXBuildFile; fileRef = 62A0DB111B0B3EEC00B454C6 /* 11.jpg */; };
		62A0DB221B0B3EEC00B454C6 /* 12.jpg in Resources */ = {isa = PBXBuildFile; fileRef = 62A0DB121B0B3EEC00B454C6 /* 12.jpg */; };
		62A0DB231B0B3EEC00B454C6 /* 13.jpg in Resources */ = {isa = PBXBuildFile; fileRef = 62A0DB131B0B3EEC00B454C6 /* 13.jpg */; };
		62A0DB241B0B3EEC00B454C6 /* 14.jpg in Resources */ = {isa = PBXBuildFile; fileRef = 62A0DB141B0B3EEC00B454C6 /* 14.jpg */; };
		62A0DB251B0B3EEC00B454C6 /* 15.jpg in Resources */ = {isa = PBXBuildFile; fileRef = 62A0DB151B0B3EEC00B454C6 /* 15.jpg */; };
		62A0DB261B0B3EEC00B454C6 /* 2.jpg in Resources */ = {isa = PBXBuildFile; fileRef = 62A0DB161B0B3EEC00B454C6 /* 2.jpg */; };
		62A0DB271B0B3EEC00B454C6 /* 3.jpg in Resources */ = {isa = PBXBuildFile; fileRef = 62A0DB171B0B3EEC00B454C6 /* 3.jpg */; };
		62A0DB281B0B3EEC00B454C6 /* 4.jpg in Resources */ = {isa = PBXBuildFile; fileRef = 62A0DB181B0B3EEC00B454C6 /* 4.jpg */; };
		62A0DB291B0B3EEC00B454C6 /* 5.jpg in Resources */ = {isa = PBXBuildFile; fileRef = 62A0DB191B0B3EEC00B454C6 /* 5.jpg */; };
		62A0DB2A1B0B3EEC00B454C6 /* 6.jpg in Resources */ = {isa = PBXBuildFile; fileRef = 62A0DB1A1B0B3EEC00B454C6 /* 6.jpg */; };
		62A0DB2B1B0B3EEC00B454C6 /* 7.jpg in Resources */ = {isa = PBXBuildFile; fileRef = 62A0DB1B1B0B3EEC00B454C6 /* 7.jpg */; };
		62A0DB2C1B0B3EEC00B454C6 /* 8.jpg in Resources */ = {isa = PBXBuildFile; fileRef = 62A0DB1C1B0B3EEC00B454C6 /* 8.jpg */; };
		62A0DB2D1B0B3EEC00B454C6 /* 9.jpg in Resources */ = {isa = PBXBuildFile; fileRef = 62A0DB1D1B0B3EEC00B454C6 /* 9.jpg */; };
/* End PBXBuildFile section */

/* Begin PBXContainerItemProxy section */
		62A0DAE81B0B3E4C00B454C6 /* PBXContainerItemProxy */ = {
			isa = PBXContainerItemProxy;
			containerPortal = 62A0DACA1B0B3E4C00B454C6 /* Project object */;
			proxyType = 1;
			remoteGlobalIDString = 62A0DAD11B0B3E4C00B454C6;
			remoteInfo = DragableCollectionSwift;
		};
/* End PBXContainerItemProxy section */

/* Begin PBXFileReference section */
		62A0DAD21B0B3E4C00B454C6 /* DragableCollectionSwift.app */ = {isa = PBXFileReference; explicitFileType = wrapper.application; includeInIndex = 0; path = DragableCollectionSwift.app; sourceTree = BUILT_PRODUCTS_DIR; };
		62A0DAD61B0B3E4C00B454C6 /* Info.plist */ = {isa = PBXFileReference; lastKnownFileType = text.plist.xml; path = Info.plist; sourceTree = "<group>"; };
		62A0DAD71B0B3E4C00B454C6 /* AppDelegate.swift */ = {isa = PBXFileReference; lastKnownFileType = sourcecode.swift; path = AppDelegate.swift; sourceTree = "<group>"; };
		62A0DAD91B0B3E4C00B454C6 /* ViewController.swift */ = {isa = PBXFileReference; lastKnownFileType = sourcecode.swift; path = ViewController.swift; sourceTree = "<group>"; };
		62A0DADC1B0B3E4C00B454C6 /* Base */ = {isa = PBXFileReference; lastKnownFileType = file.storyboard; name = Base; path = Base.lproj/Main.storyboard; sourceTree = "<group>"; };
		62A0DADE1B0B3E4C00B454C6 /* Images.xcassets */ = {isa = PBXFileReference; lastKnownFileType = folder.assetcatalog; path = Images.xcassets; sourceTree = "<group>"; };
		62A0DAE11B0B3E4C00B454C6 /* Base */ = {isa = PBXFileReference; lastKnownFileType = file.xib; name = Base; path = Base.lproj/LaunchScreen.xib; sourceTree = "<group>"; };
		62A0DAE71B0B3E4C00B454C6 /* DragableCollectionSwiftTests.xctest */ = {isa = PBXFileReference; explicitFileType = wrapper.cfbundle; includeInIndex = 0; path = DragableCollectionSwiftTests.xctest; sourceTree = BUILT_PRODUCTS_DIR; };
		62A0DAEC1B0B3E4C00B454C6 /* Info.plist */ = {isa = PBXFileReference; lastKnownFileType = text.plist.xml; path = Info.plist; sourceTree = "<group>"; };
		62A0DAED1B0B3E4C00B454C6 /* DragableCollectionSwiftTests.swift */ = {isa = PBXFileReference; lastKnownFileType = sourcecode.swift; path = DragableCollectionSwiftTests.swift; sourceTree = "<group>"; };
		62A0DAF91B0B3EB200B454C6 /* DragableCollectionSwift-Bridging-Header.h */ = {isa = PBXFileReference; lastKnownFileType = sourcecode.c.h; path = "DragableCollectionSwift-Bridging-Header.h"; sourceTree = "<group>"; };
		62A0DAFA1B0B3EB300B454C6 /* DragabbleCell.h */ = {isa = PBXFileReference; fileEncoding = 4; lastKnownFileType = sourcecode.c.h; path = DragabbleCell.h; sourceTree = "<group>"; };
		62A0DAFB1B0B3EB300B454C6 /* DragabbleCell.m */ = {isa = PBXFileReference; fileEncoding = 4; lastKnownFileType = sourcecode.c.objc; path = DragabbleCell.m; sourceTree = "<group>"; };
		62A0DAFC1B0B3EB300B454C6 /* DragabbleCell.xib */ = {isa = PBXFileReference; fileEncoding = 4; lastKnownFileType = file.xib; path = DragabbleCell.xib; sourceTree = "<group>"; };
		62A0DAFD1B0B3EB300B454C6 /* DECollectionView.h */ = {isa = PBXFileReference; fileEncoding = 4; lastKnownFileType = sourcecode.c.h; path = DECollectionView.h; sourceTree = "<group>"; };
		62A0DAFE1B0B3EB300B454C6 /* DECollectionView.m */ = {isa = PBXFileReference; fileEncoding = 4; lastKnownFileType = sourcecode.c.objc; path = DECollectionView.m; sourceTree = "<group>"; };
		62A0DAFF1B0B3EB300B454C6 /* OptionsLayout.h */ = {isa = PBXFileReference; fileEncoding = 4; lastKnownFileType = sourcecode.c.h; path = OptionsLayout.h; sourceTree = "<group>"; };
		62A0DB001B0B3EB300B454C6 /* OptionsLayout.m */ = {isa = PBXFileReference; fileEncoding = 4; lastKnownFileType = sourcecode.c.objc; path = OptionsLayout.m; sourceTree = "<group>"; };
		62A0DB011B0B3EB300B454C6 /* LXReorderableCollectionViewFlowLayout.h */ = {isa = PBXFileReference; fileEncoding = 4; lastKnownFileType = sourcecode.c.h; path = LXReorderableCollectionViewFlowLayout.h; sourceTree = "<group>"; };
		62A0DB021B0B3EB300B454C6 /* LXReorderableCollectionViewFlowLayout.m */ = {isa = PBXFileReference; fileEncoding = 4; lastKnownFileType = sourcecode.c.objc; path = LXReorderableCollectionViewFlowLayout.m; sourceTree = "<group>"; };
		62A0DB031B0B3EB300B454C6 /* DECollectionViewDelegate.h */ = {isa = PBXFileReference; fileEncoding = 4; lastKnownFileType = sourcecode.c.h; path = DECollectionViewDelegate.h; sourceTree = "<group>"; };
		62A0DB041B0B3EB300B454C6 /* DECollectionViewDatasource.h */ = {isa = PBXFileReference; fileEncoding = 4; lastKnownFileType = sourcecode.c.h; path = DECollectionViewDatasource.h; sourceTree = "<group>"; };
		62A0DB051B0B3EB300B454C6 /* Option.h */ = {isa = PBXFileReference; fileEncoding = 4; lastKnownFileType = sourcecode.c.h; path = Option.h; sourceTree = "<group>"; };
		62A0DB061B0B3EB300B454C6 /* Option.m */ = {isa = PBXFileReference; fileEncoding = 4; lastKnownFileType = sourcecode.c.objc; path = Option.m; sourceTree = "<group>"; };
		62A0DB0E1B0B3EEC00B454C6 /* 03.jpg */ = {isa = PBXFileReference; lastKnownFileType = image.jpeg; path = 03.jpg; sourceTree = "<group>"; };
		62A0DB0F1B0B3EEC00B454C6 /* 1.jpg */ = {isa = PBXFileReference; lastKnownFileType = image.jpeg; path = 1.jpg; sourceTree = "<group>"; };
		62A0DB101B0B3EEC00B454C6 /* 10.jpg */ = {isa = PBXFileReference; lastKnownFileType = image.jpeg; path = 10.jpg; sourceTree = "<group>"; };
		62A0DB111B0B3EEC00B454C6 /* 11.jpg */ = {isa = PBXFileReference; lastKnownFileType = image.jpeg; path = 11.jpg; sourceTree = "<group>"; };
		62A0DB121B0B3EEC00B454C6 /* 12.jpg */ = {isa = PBXFileReference; lastKnownFileType = image.jpeg; path = 12.jpg; sourceTree = "<group>"; };
		62A0DB131B0B3EEC00B454C6 /* 13.jpg */ = {isa = PBXFileReference; lastKnownFileType = image.jpeg; path = 13.jpg; sourceTree = "<group>"; };
		62A0DB141B0B3EEC00B454C6 /* 14.jpg */ = {isa = PBXFileReference; lastKnownFileType = image.jpeg; path = 14.jpg; sourceTree = "<group>"; };
		62A0DB151B0B3EEC00B454C6 /* 15.jpg */ = {isa = PBXFileReference; lastKnownFileType = image.jpeg; path = 15.jpg; sourceTree = "<group>"; };
		62A0DB161B0B3EEC00B454C6 /* 2.jpg */ = {isa = PBXFileReference; lastKnownFileType = image.jpeg; path = 2.jpg; sourceTree = "<group>"; };
		62A0DB171B0B3EEC00B454C6 /* 3.jpg */ = {isa = PBXFileReference; lastKnownFileType = image.jpeg; path = 3.jpg; sourceTree = "<group>"; };
		62A0DB181B0B3EEC00B454C6 /* 4.jpg */ = {isa = PBXFileReference; lastKnownFileType = image.jpeg; path = 4.jpg; sourceTree = "<group>"; };
		62A0DB191B0B3EEC00B454C6 /* 5.jpg */ = {isa = PBXFileReference; lastKnownFileType = image.jpeg; path = 5.jpg; sourceTree = "<group>"; };
		62A0DB1A1B0B3EEC00B454C6 /* 6.jpg */ = {isa = PBXFileReference; lastKnownFileType = image.jpeg; path = 6.jpg; sourceTree = "<group>"; };
		62A0DB1B1B0B3EEC00B454C6 /* 7.jpg */ = {isa = PBXFileReference; lastKnownFileType = image.jpeg; path = 7.jpg; sourceTree = "<group>"; };
		62A0DB1C1B0B3EEC00B454C6 /* 8.jpg */ = {isa = PBXFileReference; lastKnownFileType = image.jpeg; path = 8.jpg; sourceTree = "<group>"; };
		62A0DB1D1B0B3EEC00B454C6 /* 9.jpg */ = {isa = PBXFileReference; lastKnownFileType = image.jpeg; path = 9.jpg; sourceTree = "<group>"; };
/* End PBXFileReference section */

/* Begin PBXFrameworksBuildPhase section */
		62A0DACF1B0B3E4C00B454C6 /* Frameworks */ = {
			isa = PBXFrameworksBuildPhase;
			buildActionMask = 2147483647;
			files = (
			);
			runOnlyForDeploymentPostprocessing = 0;
		};
		62A0DAE41B0B3E4C00B454C6 /* Frameworks */ = {
			isa = PBXFrameworksBuildPhase;
			buildActionMask = 2147483647;
			files = (
			);
			runOnlyForDeploymentPostprocessing = 0;
		};
/* End PBXFrameworksBuildPhase section */

/* Begin PBXGroup section */
		62A0DAC91B0B3E4C00B454C6 = {
			isa = PBXGroup;
			children = (
				62A0DAD41B0B3E4C00B454C6 /* DragableCollectionSwift */,
				62A0DAEA1B0B3E4C00B454C6 /* DragableCollectionSwiftTests */,
				62A0DAD31B0B3E4C00B454C6 /* Products */,
			);
			sourceTree = "<group>";
		};
		62A0DAD31B0B3E4C00B454C6 /* Products */ = {
			isa = PBXGroup;
			children = (
				62A0DAD21B0B3E4C00B454C6 /* DragableCollectionSwift.app */,
				62A0DAE71B0B3E4C00B454C6 /* DragableCollectionSwiftTests.xctest */,
			);
			name = Products;
			sourceTree = "<group>";
		};
		62A0DAD41B0B3E4C00B454C6 /* DragableCollectionSwift */ = {
			isa = PBXGroup;
			children = (
				62A0DB0D1B0B3EEC00B454C6 /* images */,
				62A0DAF81B0B3E9300B454C6 /* DragableCV swift */,
				62A0DAF71B0B3E7C00B454C6 /* DragableCV ObjC */,
				62A0DAD71B0B3E4C00B454C6 /* AppDelegate.swift */,
				62A0DAD91B0B3E4C00B454C6 /* ViewController.swift */,
				62A0DADB1B0B3E4C00B454C6 /* Main.storyboard */,
				62A0DADE1B0B3E4C00B454C6 /* Images.xcassets */,
				62A0DAE01B0B3E4C00B454C6 /* LaunchScreen.xib */,
				62A0DAD51B0B3E4C00B454C6 /* Supporting Files */,
			);
			path = DragableCollectionSwift;
			sourceTree = "<group>";
		};
		62A0DAD51B0B3E4C00B454C6 /* Supporting Files */ = {
			isa = PBXGroup;
			children = (
				62A0DAD61B0B3E4C00B454C6 /* Info.plist */,
			);
			name = "Supporting Files";
			sourceTree = "<group>";
		};
		62A0DAEA1B0B3E4C00B454C6 /* DragableCollectionSwiftTests */ = {
			isa = PBXGroup;
			children = (
				62A0DAED1B0B3E4C00B454C6 /* DragableCollectionSwiftTests.swift */,
				62A0DAEB1B0B3E4C00B454C6 /* Supporting Files */,
			);
			path = DragableCollectionSwiftTests;
			sourceTree = "<group>";
		};
		62A0DAEB1B0B3E4C00B454C6 /* Supporting Files */ = {
			isa = PBXGroup;
			children = (
				62A0DAEC1B0B3E4C00B454C6 /* Info.plist */,
			);
			name = "Supporting Files";
			sourceTree = "<group>";
		};
		62A0DAF71B0B3E7C00B454C6 /* DragableCV ObjC */ = {
			isa = PBXGroup;
			children = (
				62A0DAFA1B0B3EB300B454C6 /* DragabbleCell.h */,
				62A0DAFB1B0B3EB300B454C6 /* DragabbleCell.m */,
				62A0DAFC1B0B3EB300B454C6 /* DragabbleCell.xib */,
				62A0DAFD1B0B3EB300B454C6 /* DECollectionView.h */,
				62A0DAFE1B0B3EB300B454C6 /* DECollectionView.m */,
				62A0DAFF1B0B3EB300B454C6 /* OptionsLayout.h */,
				62A0DB001B0B3EB300B454C6 /* OptionsLayout.m */,
				62A0DB011B0B3EB300B454C6 /* LXReorderableCollectionViewFlowLayout.h */,
				62A0DB021B0B3EB300B454C6 /* LXReorderableCollectionViewFlowLayout.m */,
				62A0DB031B0B3EB300B454C6 /* DECollectionViewDelegate.h */,
				62A0DB041B0B3EB300B454C6 /* DECollectionViewDatasource.h */,
				62A0DB051B0B3EB300B454C6 /* Option.h */,
				62A0DB061B0B3EB300B454C6 /* Option.m */,
				62A0DAF91B0B3EB200B454C6 /* DragableCollectionSwift-Bridging-Header.h */,
			);
			name = "DragableCV ObjC";
			sourceTree = "<group>";
		};
		62A0DAF81B0B3E9300B454C6 /* DragableCV swift */ = {
			isa = PBXGroup;
			children = (
			);
			name = "DragableCV swift";
			sourceTree = "<group>";
		};
		62A0DB0D1B0B3EEC00B454C6 /* images */ = {
			isa = PBXGroup;
			children = (
				62A0DB0E1B0B3EEC00B454C6 /* 03.jpg */,
				62A0DB0F1B0B3EEC00B454C6 /* 1.jpg */,
				62A0DB101B0B3EEC00B454C6 /* 10.jpg */,
				62A0DB111B0B3EEC00B454C6 /* 11.jpg */,
				62A0DB121B0B3EEC00B454C6 /* 12.jpg */,
				62A0DB131B0B3EEC00B454C6 /* 13.jpg */,
				62A0DB141B0B3EEC00B454C6 /* 14.jpg */,
				62A0DB151B0B3EEC00B454C6 /* 15.jpg */,
				62A0DB161B0B3EEC00B454C6 /* 2.jpg */,
				62A0DB171B0B3EEC00B454C6 /* 3.jpg */,
				62A0DB181B0B3EEC00B454C6 /* 4.jpg */,
				62A0DB191B0B3EEC00B454C6 /* 5.jpg */,
				62A0DB1A1B0B3EEC00B454C6 /* 6.jpg */,
				62A0DB1B1B0B3EEC00B454C6 /* 7.jpg */,
				62A0DB1C1B0B3EEC00B454C6 /* 8.jpg */,
				62A0DB1D1B0B3EEC00B454C6 /* 9.jpg */,
			);
			path = images;
			sourceTree = "<group>";
		};
/* End PBXGroup section */

/* Begin PBXNativeTarget section */
		62A0DAD11B0B3E4C00B454C6 /* DragableCollectionSwift */ = {
			isa = PBXNativeTarget;
			buildConfigurationList = 62A0DAF11B0B3E4C00B454C6 /* Build configuration list for PBXNativeTarget "DragableCollectionSwift" */;
			buildPhases = (
				62A0DACE1B0B3E4C00B454C6 /* Sources */,
				62A0DACF1B0B3E4C00B454C6 /* Frameworks */,
				62A0DAD01B0B3E4C00B454C6 /* Resources */,
			);
			buildRules = (
			);
			dependencies = (
			);
			name = DragableCollectionSwift;
			productName = DragableCollectionSwift;
			productReference = 62A0DAD21B0B3E4C00B454C6 /* DragableCollectionSwift.app */;
			productType = "com.apple.product-type.application";
		};
		62A0DAE61B0B3E4C00B454C6 /* DragableCollectionSwiftTests */ = {
			isa = PBXNativeTarget;
			buildConfigurationList = 62A0DAF41B0B3E4C00B454C6 /* Build configuration list for PBXNativeTarget "DragableCollectionSwiftTests" */;
			buildPhases = (
				62A0DAE31B0B3E4C00B454C6 /* Sources */,
				62A0DAE41B0B3E4C00B454C6 /* Frameworks */,
				62A0DAE51B0B3E4C00B454C6 /* Resources */,
			);
			buildRules = (
			);
			dependencies = (
				62A0DAE91B0B3E4C00B454C6 /* PBXTargetDependency */,
			);
			name = DragableCollectionSwiftTests;
			productName = DragableCollectionSwiftTests;
			productReference = 62A0DAE71B0B3E4C00B454C6 /* DragableCollectionSwiftTests.xctest */;
			productType = "com.apple.product-type.bundle.unit-test";
		};
/* End PBXNativeTarget section */

/* Begin PBXProject section */
		62A0DACA1B0B3E4C00B454C6 /* Project object */ = {
			isa = PBXProject;
			attributes = {
				LastUpgradeCheck = 0620;
				ORGANIZATIONNAME = "Ankit Sachan";
				TargetAttributes = {
					62A0DAD11B0B3E4C00B454C6 = {
						CreatedOnToolsVersion = 6.2;
					};
					62A0DAE61B0B3E4C00B454C6 = {
						CreatedOnToolsVersion = 6.2;
						TestTargetID = 62A0DAD11B0B3E4C00B454C6;
					};
				};
			};
			buildConfigurationList = 62A0DACD1B0B3E4C00B454C6 /* Build configuration list for PBXProject "DragableCollectionSwift" */;
			compatibilityVersion = "Xcode 3.2";
			developmentRegion = English;
			hasScannedForEncodings = 0;
			knownRegions = (
				en,
				Base,
			);
			mainGroup = 62A0DAC91B0B3E4C00B454C6;
			productRefGroup = 62A0DAD31B0B3E4C00B454C6 /* Products */;
			projectDirPath = "";
			projectRoot = "";
			targets = (
				62A0DAD11B0B3E4C00B454C6 /* DragableCollectionSwift */,
				62A0DAE61B0B3E4C00B454C6 /* DragableCollectionSwiftTests */,
			);
		};
/* End PBXProject section */

/* Begin PBXResourcesBuildPhase section */
		62A0DAD01B0B3E4C00B454C6 /* Resources */ = {
			isa = PBXResourcesBuildPhase;
			buildActionMask = 2147483647;
			files = (
				62A0DB2C1B0B3EEC00B454C6 /* 8.jpg in Resources */,
				62A0DB1E1B0B3EEC00B454C6 /* 03.jpg in Resources */,
				62A0DB201B0B3EEC00B454C6 /* 10.jpg in Resources */,
				62A0DB241B0B3EEC00B454C6 /* 14.jpg in Resources */,
				62A0DB281B0B3EEC00B454C6 /* 4.jpg in Resources */,
				62A0DB221B0B3EEC00B454C6 /* 12.jpg in Resources */,
				62A0DADD1B0B3E4C00B454C6 /* Main.storyboard in Resources */,
				62A0DB271B0B3EEC00B454C6 /* 3.jpg in Resources */,
				62A0DAE21B0B3E4C00B454C6 /* LaunchScreen.xib in Resources */,
				62A0DB231B0B3EEC00B454C6 /* 13.jpg in Resources */,
				62A0DB2A1B0B3EEC00B454C6 /* 6.jpg in Resources */,
				62A0DB291B0B3EEC00B454C6 /* 5.jpg in Resources */,
				62A0DB1F1B0B3EEC00B454C6 /* 1.jpg in Resources */,
				62A0DB2D1B0B3EEC00B454C6 /* 9.jpg in Resources */,
				62A0DB081B0B3EB300B454C6 /* DragabbleCell.xib in Resources */,
				62A0DB261B0B3EEC00B454C6 /* 2.jpg in Resources */,
				62A0DADF1B0B3E4C00B454C6 /* Images.xcassets in Resources */,
				62A0DB2B1B0B3EEC00B454C6 /* 7.jpg in Resources */,
				62A0DB211B0B3EEC00B454C6 /* 11.jpg in Resources */,
				62A0DB251B0B3EEC00B454C6 /* 15.jpg in Resources */,
			);
			runOnlyForDeploymentPostprocessing = 0;
		};
		62A0DAE51B0B3E4C00B454C6 /* Resources */ = {
			isa = PBXResourcesBuildPhase;
			buildActionMask = 2147483647;
			files = (
			);
			runOnlyForDeploymentPostprocessing = 0;
		};
/* End PBXResourcesBuildPhase section */

/* Begin PBXSourcesBuildPhase section */
		62A0DACE1B0B3E4C00B454C6 /* Sources */ = {
			isa = PBXSourcesBuildPhase;
			buildActionMask = 2147483647;
			files = (
				62A0DB0C1B0B3EB300B454C6 /* Option.m in Sources */,
				62A0DB0B1B0B3EB300B454C6 /* LXReorderableCollectionViewFlowLayout.m in Sources */,
				62A0DB0A1B0B3EB300B454C6 /* OptionsLayout.m in Sources */,
				62A0DB071B0B3EB300B454C6 /* DragabbleCell.m in Sources */,
				62A0DB091B0B3EB300B454C6 /* DECollectionView.m in Sources */,
				62A0DADA1B0B3E4C00B454C6 /* ViewController.swift in Sources */,
				62A0DAD81B0B3E4C00B454C6 /* AppDelegate.swift in Sources */,
			);
			runOnlyForDeploymentPostprocessing = 0;
		};
		62A0DAE31B0B3E4C00B454C6 /* Sources */ = {
			isa = PBXSourcesBuildPhase;
			buildActionMask = 2147483647;
			files = (
				62A0DAEE1B0B3E4C00B454C6 /* DragableCollectionSwiftTests.swift in Sources */,
			);
			runOnlyForDeploymentPostprocessing = 0;
		};
/* End PBXSourcesBuildPhase section */

/* Begin PBXTargetDependency section */
		62A0DAE91B0B3E4C00B454C6 /* PBXTargetDependency */ = {
			isa = PBXTargetDependency;
			target = 62A0DAD11B0B3E4C00B454C6 /* DragableCollectionSwift */;
			targetProxy = 62A0DAE81B0B3E4C00B454C6 /* PBXContainerItemProxy */;
		};
/* End PBXTargetDependency section */

/* Begin PBXVariantGroup section */
		62A0DADB1B0B3E4C00B454C6 /* Main.storyboard */ = {
			isa = PBXVariantGroup;
			children = (
				62A0DADC1B0B3E4C00B454C6 /* Base */,
			);
			name = Main.storyboard;
			sourceTree = "<group>";
		};
		62A0DAE01B0B3E4C00B454C6 /* LaunchScreen.xib */ = {
			isa = PBXVariantGroup;
			children = (
				62A0DAE11B0B3E4C00B454C6 /* Base */,
			);
			name = LaunchScreen.xib;
			sourceTree = "<group>";
		};
/* End PBXVariantGroup section */

/* Begin XCBuildConfiguration section */
		62A0DAEF1B0B3E4C00B454C6 /* Debug */ = {
			isa = XCBuildConfiguration;
			buildSettings = {
				ALWAYS_SEARCH_USER_PATHS = NO;
				CLANG_CXX_LANGUAGE_STANDARD = "gnu++0x";
				CLANG_CXX_LIBRARY = "libc++";
				CLANG_ENABLE_MODULES = YES;
				CLANG_ENABLE_OBJC_ARC = YES;
				CLANG_WARN_BOOL_CONVERSION = YES;
				CLANG_WARN_CONSTANT_CONVERSION = YES;
				CLANG_WARN_DIRECT_OBJC_ISA_USAGE = YES_ERROR;
				CLANG_WARN_EMPTY_BODY = YES;
				CLANG_WARN_ENUM_CONVERSION = YES;
				CLANG_WARN_INT_CONVERSION = YES;
				CLANG_WARN_OBJC_ROOT_CLASS = YES_ERROR;
				CLANG_WARN_UNREACHABLE_CODE = YES;
				CLANG_WARN__DUPLICATE_METHOD_MATCH = YES;
				"CODE_SIGN_IDENTITY[sdk=iphoneos*]" = "iPhone Developer";
				COPY_PHASE_STRIP = NO;
				ENABLE_STRICT_OBJC_MSGSEND = YES;
				GCC_C_LANGUAGE_STANDARD = gnu99;
				GCC_DYNAMIC_NO_PIC = NO;
				GCC_OPTIMIZATION_LEVEL = 0;
				GCC_PREPROCESSOR_DEFINITIONS = (
					"DEBUG=1",
					"$(inherited)",
				);
				GCC_SYMBOLS_PRIVATE_EXTERN = NO;
				GCC_WARN_64_TO_32_BIT_CONVERSION = YES;
				GCC_WARN_ABOUT_RETURN_TYPE = YES_ERROR;
				GCC_WARN_UNDECLARED_SELECTOR = YES;
				GCC_WARN_UNINITIALIZED_AUTOS = YES_AGGRESSIVE;
				GCC_WARN_UNUSED_FUNCTION = YES;
				GCC_WARN_UNUSED_VARIABLE = YES;
				IPHONEOS_DEPLOYMENT_TARGET = 8.2;
				MTL_ENABLE_DEBUG_INFO = YES;
				ONLY_ACTIVE_ARCH = YES;
				SDKROOT = iphoneos;
				SWIFT_OPTIMIZATION_LEVEL = "-Onone";
			};
			name = Debug;
		};
		62A0DAF01B0B3E4C00B454C6 /* Release */ = {
			isa = XCBuildConfiguration;
			buildSettings = {
				ALWAYS_SEARCH_USER_PATHS = NO;
				CLANG_CXX_LANGUAGE_STANDARD = "gnu++0x";
				CLANG_CXX_LIBRARY = "libc++";
				CLANG_ENABLE_MODULES = YES;
				CLANG_ENABLE_OBJC_ARC = YES;
				CLANG_WARN_BOOL_CONVERSION = YES;
				CLANG_WARN_CONSTANT_CONVERSION = YES;
				CLANG_WARN_DIRECT_OBJC_ISA_USAGE = YES_ERROR;
				CLANG_WARN_EMPTY_BODY = YES;
				CLANG_WARN_ENUM_CONVERSION = YES;
				CLANG_WARN_INT_CONVERSION = YES;
				CLANG_WARN_OBJC_ROOT_CLASS = YES_ERROR;
				CLANG_WARN_UNREACHABLE_CODE = YES;
				CLANG_WARN__DUPLICATE_METHOD_MATCH = YES;
				"CODE_SIGN_IDENTITY[sdk=iphoneos*]" = "iPhone Developer";
				COPY_PHASE_STRIP = NO;
				ENABLE_NS_ASSERTIONS = NO;
				ENABLE_STRICT_OBJC_MSGSEND = YES;
				GCC_C_LANGUAGE_STANDARD = gnu99;
				GCC_WARN_64_TO_32_BIT_CONVERSION = YES;
				GCC_WARN_ABOUT_RETURN_TYPE = YES_ERROR;
				GCC_WARN_UNDECLARED_SELECTOR = YES;
				GCC_WARN_UNINITIALIZED_AUTOS = YES_AGGRESSIVE;
				GCC_WARN_UNUSED_FUNCTION = YES;
				GCC_WARN_UNUSED_VARIABLE = YES;
				IPHONEOS_DEPLOYMENT_TARGET = 8.2;
				MTL_ENABLE_DEBUG_INFO = NO;
				SDKROOT = iphoneos;
				VALIDATE_PRODUCT = YES;
			};
			name = Release;
		};
		62A0DAF21B0B3E4C00B454C6 /* Debug */ = {
			isa = XCBuildConfiguration;
			buildSettings = {
				ASSETCATALOG_COMPILER_APPICON_NAME = AppIcon;
				CLANG_ENABLE_MODULES = YES;
				INFOPLIST_FILE = DragableCollectionSwift/Info.plist;
				LD_RUNPATH_SEARCH_PATHS = "$(inherited) @executable_path/Frameworks";
				PRODUCT_NAME = "$(TARGET_NAME)";
				SWIFT_OBJC_BRIDGING_HEADER = "DragableCollectionSwift/DragableCollectionSwift-Bridging-Header.h";
				SWIFT_OPTIMIZATION_LEVEL = "-Onone";
			};
			name = Debug;
		};
		62A0DAF31B0B3E4C00B454C6 /* Release */ = {
			isa = XCBuildConfiguration;
			buildSettings = {
				ASSETCATALOG_COMPILER_APPICON_NAME = AppIcon;
				CLANG_ENABLE_MODULES = YES;
				INFOPLIST_FILE = DragableCollectionSwift/Info.plist;
				LD_RUNPATH_SEARCH_PATHS = "$(inherited) @executable_path/Frameworks";
				PRODUCT_NAME = "$(TARGET_NAME)";
				SWIFT_OBJC_BRIDGING_HEADER = "DragableCollectionSwift/DragableCollectionSwift-Bridging-Header.h";
			};
			name = Release;
		};
		62A0DAF51B0B3E4C00B454C6 /* Debug */ = {
			isa = XCBuildConfiguration;
			buildSettings = {
				BUNDLE_LOADER = "$(TEST_HOST)";
				FRAMEWORK_SEARCH_PATHS = (
					"$(SDKROOT)/Developer/Library/Frameworks",
					"$(inherited)",
				);
				GCC_PREPROCESSOR_DEFINITIONS = (
					"DEBUG=1",
					"$(inherited)",
				);
				INFOPLIST_FILE = DragableCollectionSwiftTests/Info.plist;
				LD_RUNPATH_SEARCH_PATHS = "$(inherited) @executable_path/Frameworks @loader_path/Frameworks";
				PRODUCT_NAME = "$(TARGET_NAME)";
				TEST_HOST = "$(BUILT_PRODUCTS_DIR)/DragableCollectionSwift.app/DragableCollectionSwift";
			};
			name = Debug;
		};
		62A0DAF61B0B3E4C00B454C6 /* Release */ = {
			isa = XCBuildConfiguration;
			buildSettings = {
				BUNDLE_LOADER = "$(TEST_HOST)";
				FRAMEWORK_SEARCH_PATHS = (
					"$(SDKROOT)/Developer/Library/Frameworks",
					"$(inherited)",
				);
				INFOPLIST_FILE = DragableCollectionSwiftTests/Info.plist;
				LD_RUNPATH_SEARCH_PATHS = "$(inherited) @executable_path/Frameworks @loader_path/Frameworks";
				PRODUCT_NAME = "$(TARGET_NAME)";
				TEST_HOST = "$(BUILT_PRODUCTS_DIR)/DragableCollectionSwift.app/DragableCollectionSwift";
			};
			name = Release;
		};
/* End XCBuildConfiguration section */

/* Begin XCConfigurationList section */
		62A0DACD1B0B3E4C00B454C6 /* Build configuration list for PBXProject "DragableCollectionSwift" */ = {
			isa = XCConfigurationList;
			buildConfigurations = (
				62A0DAEF1B0B3E4C00B454C6 /* Debug */,
				62A0DAF01B0B3E4C00B454C6 /* Release */,
			);
			defaultConfigurationIsVisible = 0;
			defaultConfigurationName = Release;
		};
		62A0DAF11B0B3E4C00B454C6 /* Build configuration list for PBXNativeTarget "DragableCollectionSwift" */ = {
			isa = XCConfigurationList;
			buildConfigurations = (
				62A0DAF21B0B3E4C00B454C6 /* Debug */,
				62A0DAF31B0B3E4C00B454C6 /* Release */,
			);
			defaultConfigurationIsVisible = 0;
		};
		62A0DAF41B0B3E4C00B454C6 /* Build configuration list for PBXNativeTarget "DragableCollectionSwiftTests" */ = {
			isa = XCConfigurationList;
			buildConfigurations = (
				62A0DAF51B0B3E4C00B454C6 /* Debug */,
				62A0DAF61B0B3E4C00B454C6 /* Release */,
			);
			defaultConfigurationIsVisible = 0;
		};
/* End XCConfigurationList section */
	};
	rootObject = 62A0DACA1B0B3E4C00B454C6 /* Project object */;
}
